
Microsoft Visual Studio Solution File, Format Version 12.00
# Visual Studio Version 17
VisualStudioVersion = 17.8.34316.72
MinimumVisualStudioVersion = 10.0.40219.1
Project("{FAE04EC0-301F-11D3-BF4B-00C04F79EFBC}") = "ClinicaEpe3jq", "ClinicaEpe3jq\ClinicaEpe3jq.csproj", "{40EC61EB-4FD2-493C-BDCB-9D6BF5094B9A}"
EndProject
Global
	GlobalSection(SolutionConfigurationPlatforms) = preSolution
		Debug|Any CPU = Debug|Any CPU
		Release|Any CPU = Release|Any CPU
	EndGlobalSection
	GlobalSection(ProjectConfigurationPlatforms) = postSolution
		{40EC61EB-4FD2-493C-BDCB-9D6BF5094B9A}.Debug|Any CPU.ActiveCfg = Debug|Any CPU
		{40EC61EB-4FD2-493C-BDCB-9D6BF5094B9A}.Debug|Any CPU.Build.0 = Debug|Any CPU
		{40EC61EB-4FD2-493C-BDCB-9D6BF5094B9A}.Release|Any CPU.ActiveCfg = Release|Any CPU
		{40EC61EB-4FD2-493C-BDCB-9D6BF5094B9A}.Release|Any CPU.Build.0 = Release|Any CPU
	EndGlobalSection
	GlobalSection(SolutionProperties) = preSolution
		HideSolutionNode = FALSE
	EndGlobalSection
	GlobalSection(ExtensibilityGlobals) = postSolution
		SolutionGuid = {00C6ADAA-1485-4AAF-B2C0-FC853093C8AA}
	EndGlobalSection
EndGlobal
